// !$*UTF8*$!
{
	archiveVersion = 1;
	classes = {
	};
	objectVersion = 50;
	objects = {

/* Begin PBXBuildFile section */
		39496F4B2308F334005BF6FF /* AppDelegate.swift in Sources */ = {isa = PBXBuildFile; fileRef = 39496F4A2308F334005BF6FF /* AppDelegate.swift */; };
		39496F502308F334005BF6FF /* Main.storyboard in Resources */ = {isa = PBXBuildFile; fileRef = 39496F4E2308F334005BF6FF /* Main.storyboard */; };
		39496F522308F335005BF6FF /* Assets.xcassets in Resources */ = {isa = PBXBuildFile; fileRef = 39496F512308F335005BF6FF /* Assets.xcassets */; };
		39496F552308F335005BF6FF /* LaunchScreen.storyboard in Resources */ = {isa = PBXBuildFile; fileRef = 39496F532308F335005BF6FF /* LaunchScreen.storyboard */; };
		397003B9230FCB3400F12901 /* StarryNight.mlmodel in Sources */ = {isa = PBXBuildFile; fileRef = 397003B7230FCB3400F12901 /* StarryNight.mlmodel */; };
		397003C3230FEBF000F12901 /* toCVPixelBuffer.swift in Sources */ = {isa = PBXBuildFile; fileRef = 397003C2230FEBF000F12901 /* toCVPixelBuffer.swift */; };
		397003C523110E5E00F12901 /* resize.swift in Sources */ = {isa = PBXBuildFile; fileRef = 397003C423110E5E00F12901 /* resize.swift */; };
		39D6D089230E6A80001F8290 /* ViewController.swift in Sources */ = {isa = PBXBuildFile; fileRef = 39D6D088230E6A80001F8290 /* ViewController.swift */; };
/* End PBXBuildFile section */

/* Begin PBXFileReference section */
		39496F472308F334005BF6FF /* Filter.app */ = {isa = PBXFileReference; explicitFileType = wrapper.application; includeInIndex = 0; path = Filter.app; sourceTree = BUILT_PRODUCTS_DIR; };
		39496F4A2308F334005BF6FF /* AppDelegate.swift */ = {isa = PBXFileReference; lastKnownFileType = sourcecode.swift; path = AppDelegate.swift; sourceTree = "<group>"; };
		39496F4F2308F334005BF6FF /* Base */ = {isa = PBXFileReference; lastKnownFileType = file.storyboard; name = Base; path = Base.lproj/Main.storyboard; sourceTree = "<group>"; };
		39496F512308F335005BF6FF /* Assets.xcassets */ = {isa = PBXFileReference; lastKnownFileType = folder.assetcatalog; path = Assets.xcassets; sourceTree = "<group>"; };
		39496F542308F335005BF6FF /* Base */ = {isa = PBXFileReference; lastKnownFileType = file.storyboard; name = Base; path = Base.lproj/LaunchScreen.storyboard; sourceTree = "<group>"; };
		39496F562308F335005BF6FF /* Info.plist */ = {isa = PBXFileReference; lastKnownFileType = text.plist.xml; path = Info.plist; sourceTree = "<group>"; };
		396033BA232093C40080BD5D /* README.md */ = {isa = PBXFileReference; lastKnownFileType = net.daringfireball.markdown; path = README.md; sourceTree = "<group>"; };
		397003B7230FCB3400F12901 /* StarryNight.mlmodel */ = {isa = PBXFileReference; lastKnownFileType = file.mlmodel; path = StarryNight.mlmodel; sourceTree = "<group>"; };
		397003C2230FEBF000F12901 /* toCVPixelBuffer.swift */ = {isa = PBXFileReference; lastKnownFileType = sourcecode.swift; path = toCVPixelBuffer.swift; sourceTree = "<group>"; };
		397003C423110E5E00F12901 /* resize.swift */ = {isa = PBXFileReference; lastKnownFileType = sourcecode.swift; path = resize.swift; sourceTree = "<group>"; };
		39D6D088230E6A80001F8290 /* ViewController.swift */ = {isa = PBXFileReference; fileEncoding = 4; lastKnownFileType = sourcecode.swift; path = ViewController.swift; sourceTree = "<group>"; };
/* End PBXFileReference section */

/* Begin PBXFrameworksBuildPhase section */
		39496F442308F334005BF6FF /* Frameworks */ = {
			isa = PBXFrameworksBuildPhase;
			buildActionMask = 2147483647;
			files = (
			);
			runOnlyForDeploymentPostprocessing = 0;
		};
/* End PBXFrameworksBuildPhase section */

/* Begin PBXGroup section */
		39496F3E2308F334005BF6FF = {
			isa = PBXGroup;
			children = (
				396033BA232093C40080BD5D /* README.md */,
				39496F492308F334005BF6FF /* Filter */,
				39496F482308F334005BF6FF /* Products */,
			);
			sourceTree = "<group>";
		};
		39496F482308F334005BF6FF /* Products */ = {
			isa = PBXGroup;
			children = (
				39496F472308F334005BF6FF /* Filter.app */,
			);
			name = Products;
			sourceTree = "<group>";
		};
		39496F492308F334005BF6FF /* Filter */ = {
			isa = PBXGroup;
			children = (
				39D6D088230E6A80001F8290 /* ViewController.swift */,
				39496F4A2308F334005BF6FF /* AppDelegate.swift */,
				397003C2230FEBF000F12901 /* toCVPixelBuffer.swift */,
				397003C423110E5E00F12901 /* resize.swift */,
				39496F512308F335005BF6FF /* Assets.xcassets */,
				39496F4E2308F334005BF6FF /* Main.storyboard */,
				39496F532308F335005BF6FF /* LaunchScreen.storyboard */,
				39496F562308F335005BF6FF /* Info.plist */,
				397003BB230FCB5400F12901 /* mlmodel */,
			);
			path = Filter;
			sourceTree = "<group>";
		};
		397003BB230FCB5400F12901 /* mlmodel */ = {
			isa = PBXGroup;
			children = (
				397003B7230FCB3400F12901 /* StarryNight.mlmodel */,
			);
			path = mlmodel;
			sourceTree = "<group>";
		};
/* End PBXGroup section */

/* Begin PBXNativeTarget section */
		39496F462308F334005BF6FF /* Filter */ = {
			isa = PBXNativeTarget;
			buildConfigurationList = 39496F592308F335005BF6FF /* Build configuration list for PBXNativeTarget "Filter" */;
			buildPhases = (
				39496F432308F334005BF6FF /* Sources */,
				39496F442308F334005BF6FF /* Frameworks */,
				39496F452308F334005BF6FF /* Resources */,
			);
			buildRules = (
			);
			dependencies = (
			);
			name = Filter;
			productName = Filter;
			productReference = 39496F472308F334005BF6FF /* Filter.app */;
			productType = "com.apple.product-type.application";
		};
/* End PBXNativeTarget section */

/* Begin PBXProject section */
		39496F3F2308F334005BF6FF /* Project object */ = {
			isa = PBXProject;
			attributes = {
				LastSwiftUpdateCheck = 1030;
				LastUpgradeCheck = 1030;
				ORGANIZATIONNAME = "孙瑞琦";
				TargetAttributes = {
					39496F462308F334005BF6FF = {
						CreatedOnToolsVersion = 10.3;
					};
				};
			};
			buildConfigurationList = 39496F422308F334005BF6FF /* Build configuration list for PBXProject "Filter" */;
			compatibilityVersion = "Xcode 9.3";
			developmentRegion = en;
			hasScannedForEncodings = 0;
			knownRegions = (
				en,
				Base,
			);
			mainGroup = 39496F3E2308F334005BF6FF;
			productRefGroup = 39496F482308F334005BF6FF /* Products */;
			projectDirPath = "";
			projectRoot = "";
			targets = (
				39496F462308F334005BF6FF /* Filter */,
			);
		};
/* End PBXProject section */

/* Begin PBXResourcesBuildPhase section */
		39496F452308F334005BF6FF /* Resources */ = {
			isa = PBXResourcesBuildPhase;
			buildActionMask = 2147483647;
			files = (
				39496F552308F335005BF6FF /* LaunchScreen.storyboard in Resources */,
				39496F522308F335005BF6FF /* Assets.xcassets in Resources */,
				39496F502308F334005BF6FF /* Main.storyboard in Resources */,
			);
			runOnlyForDeploymentPostprocessing = 0;
		};
/* End PBXResourcesBuildPhase section */

/* Begin PBXSourcesBuildPhase section */
		39496F432308F334005BF6FF /* Sources */ = {
			isa = PBXSourcesBuildPhase;
			buildActionMask = 2147483647;
			files = (
				39D6D089230E6A80001F8290 /* ViewController.swift in Sources */,
				39496F4B2308F334005BF6FF /* AppDelegate.swift in Sources */,
				397003B9230FCB3400F12901 /* StarryNight.mlmodel in Sources */,
				397003C523110E5E00F12901 /* resize.swift in Sources */,
				397003C3230FEBF000F12901 /* toCVPixelBuffer.swift in Sources */,
			);
			runOnlyForDeploymentPostprocessing = 0;
		};
/* End PBXSourcesBuildPhase section */

/* Begin PBXVariantGroup section */
		39496F4E2308F334005BF6FF /* Main.storyboard */ = {
			isa = PBXVariantGroup;
			children = (
				39496F4F2308F334005BF6FF /* Base */,
			);
			name = Main.storyboard;
			sourceTree = "<group>";
		};
		39496F532308F335005BF6FF /* LaunchScreen.storyboard */ = {
			isa = PBXVariantGroup;
			children = (
				39496F542308F335005BF6FF /* Base */,
			);
			name = LaunchScreen.storyboard;
			sourceTree = "<group>";
		};
/* End PBXVariantGroup section */

/* Begin XCBuildConfiguration section */
		39496F572308F335005BF6FF /* Debug */ = {
			isa = XCBuildConfiguration;
			buildSettings = {
				ALWAYS_SEARCH_USER_PATHS = NO;
				CLANG_ANALYZER_NONNULL = YES;
				CLANG_ANALYZER_NUMBER_OBJECT_CONVERSION = YES_AGGRESSIVE;
				CLANG_CXX_LANGUAGE_STANDARD = "gnu++14";
				CLANG_CXX_LIBRARY = "libc++";
				CLANG_ENABLE_MODULES = YES;
				CLANG_ENABLE_OBJC_ARC = YES;
				CLANG_ENABLE_OBJC_WEAK = YES;
				CLANG_WARN_BLOCK_CAPTURE_AUTORELEASING = YES;
				CLANG_WARN_BOOL_CONVERSION = YES;
				CLANG_WARN_COMMA = YES;
				CLANG_WARN_CONSTANT_CONVERSION = YES;
				CLANG_WARN_DEPRECATED_OBJC_IMPLEMENTATIONS = YES;
				CLANG_WARN_DIRECT_OBJC_ISA_USAGE = YES_ERROR;
				CLANG_WARN_DOCUMENTATION_COMMENTS = YES;
				CLANG_WARN_EMPTY_BODY = YES;
				CLANG_WARN_ENUM_CONVERSION = YES;
				CLANG_WARN_INFINITE_RECURSION = YES;
				CLANG_WARN_INT_CONVERSION = YES;
				CLANG_WARN_NON_LITERAL_NULL_CONVERSION = YES;
				CLANG_WARN_OBJC_IMPLICIT_RETAIN_SELF = YES;
				CLANG_WARN_OBJC_LITERAL_CONVERSION = YES;
				CLANG_WARN_OBJC_ROOT_CLASS = YES_ERROR;
				CLANG_WARN_RANGE_LOOP_ANALYSIS = YES;
				CLANG_WARN_STRICT_PROTOTYPES = YES;
				CLANG_WARN_SUSPICIOUS_MOVE = YES;
				CLANG_WARN_UNGUARDED_AVAILABILITY = YES_AGGRESSIVE;
				CLANG_WARN_UNREACHABLE_CODE = YES;
				CLANG_WARN__DUPLICATE_METHOD_MATCH = YES;
				CODE_SIGN_IDENTITY = "iPhone Developer";
				COPY_PHASE_STRIP = NO;
				DEBUG_INFORMATION_FORMAT = dwarf;
				ENABLE_STRICT_OBJC_MSGSEND = YES;
				ENABLE_TESTABILITY = YES;
				GCC_C_LANGUAGE_STANDARD = gnu11;
				GCC_DYNAMIC_NO_PIC = NO;
				GCC_NO_COMMON_BLOCKS = YES;
				GCC_OPTIMIZATION_LEVEL = 0;
				GCC_PREPROCESSOR_DEFINITIONS = (
					"DEBUG=1",
					"$(inherited)",
				);
				GCC_WARN_64_TO_32_BIT_CONVERSION = YES;
				GCC_WARN_ABOUT_RETURN_TYPE = YES_ERROR;
				GCC_WARN_UNDECLARED_SELECTOR = YES;
				GCC_WARN_UNINITIALIZED_AUTOS = YES_AGGRESSIVE;
				GCC_WARN_UNUSED_FUNCTION = YES;
				GCC_WARN_UNUSED_VARIABLE = YES;
				IPHONEOS_DEPLOYMENT_TARGET = 12.4;
				MTL_ENABLE_DEBUG_INFO = INCLUDE_SOURCE;
				MTL_FAST_MATH = YES;
				ONLY_ACTIVE_ARCH = YES;
				SDKROOT = iphoneos;
				SWIFT_ACTIVE_COMPILATION_CONDITIONS = DEBUG;
				SWIFT_OPTIMIZATION_LEVEL = "-Onone";
			};
			name = Debug;
		};
		39496F582308F335005BF6FF /* Release */ = {
			isa = XCBuildConfiguration;
			buildSettings = {
				ALWAYS_SEARCH_USER_PATHS = NO;
				CLANG_ANALYZER_NONNULL = YES;
				CLANG_ANALYZER_NUMBER_OBJECT_CONVERSION = YES_AGGRESSIVE;
				CLANG_CXX_LANGUAGE_STANDARD = "gnu++14";
				CLANG_CXX_LIBRARY = "libc++";
				CLANG_ENABLE_MODULES = YES;
				CLANG_ENABLE_OBJC_ARC = YES;
				CLANG_ENABLE_OBJC_WEAK = YES;
				CLANG_WARN_BLOCK_CAPTURE_AUTORELEASING = YES;
				CLANG_WARN_BOOL_CONVERSION = YES;
				CLANG_WARN_COMMA = YES;
				CLANG_WARN_CONSTANT_CONVERSION = YES;
				CLANG_WARN_DEPRECATED_OBJC_IMPLEMENTATIONS = YES;
				CLANG_WARN_DIRECT_OBJC_ISA_USAGE = YES_ERROR;
				CLANG_WARN_DOCUMENTATION_COMMENTS = YES;
				CLANG_WARN_EMPTY_BODY = YES;
				CLANG_WARN_ENUM_CONVERSION = YES;
				CLANG_WARN_INFINITE_RECURSION = YES;
				CLANG_WARN_INT_CONVERSION = YES;
				CLANG_WARN_NON_LITERAL_NULL_CONVERSION = YES;
				CLANG_WARN_OBJC_IMPLICIT_RETAIN_SELF = YES;
				CLANG_WARN_OBJC_LITERAL_CONVERSION = YES;
				CLANG_WARN_OBJC_ROOT_CLASS = YES_ERROR;
				CLANG_WARN_RANGE_LOOP_ANALYSIS = YES;
				CLANG_WARN_STRICT_PROTOTYPES = YES;
				CLANG_WARN_SUSPICIOUS_MOVE = YES;
				CLANG_WARN_UNGUARDED_AVAILABILITY = YES_AGGRESSIVE;
				CLANG_WARN_UNREACHABLE_CODE = YES;
				CLANG_WARN__DUPLICATE_METHOD_MATCH = YES;
				CODE_SIGN_IDENTITY = "iPhone Developer";
				COPY_PHASE_STRIP = NO;
				DEBUG_INFORMATION_FORMAT = "dwarf-with-dsym";
				ENABLE_NS_ASSERTIONS = NO;
				ENABLE_STRICT_OBJC_MSGSEND = YES;
				GCC_C_LANGUAGE_STANDARD = gnu11;
				GCC_NO_COMMON_BLOCKS = YES;
				GCC_WARN_64_TO_32_BIT_CONVERSION = YES;
				GCC_WARN_ABOUT_RETURN_TYPE = YES_ERROR;
				GCC_WARN_UNDECLARED_SELECTOR = YES;
				GCC_WARN_UNINITIALIZED_AUTOS = YES_AGGRESSIVE;
				GCC_WARN_UNUSED_FUNCTION = YES;
				GCC_WARN_UNUSED_VARIABLE = YES;
				IPHONEOS_DEPLOYMENT_TARGET = 12.4;
				MTL_ENABLE_DEBUG_INFO = NO;
				MTL_FAST_MATH = YES;
				SDKROOT = iphoneos;
				SWIFT_COMPILATION_MODE = wholemodule;
				SWIFT_OPTIMIZATION_LEVEL = "-O";
				VALIDATE_PRODUCT = YES;
			};
			name = Release;
		};
		39496F5A2308F335005BF6FF /* Debug */ = {
			isa = XCBuildConfiguration;
			buildSettings = {
				ASSETCATALOG_COMPILER_APPICON_NAME = AppIcon;
				CODE_SIGN_STYLE = Automatic;
				DEVELOPMENT_TEAM = 49KBFU5ZHK;
				INFOPLIST_FILE = Filter/Info.plist;
				LD_RUNPATH_SEARCH_PATHS = (
					"$(inherited)",
					"@executable_path/Frameworks",
				);
				PRODUCT_BUNDLE_IDENTIFIER = "com.qq-1638650145.Filter";
				PRODUCT_NAME = "$(TARGET_NAME)";
				SWIFT_VERSION = 5.0;
				TARGETED_DEVICE_FAMILY = "1,2";
			};
			name = Debug;
		};
		39496F5B2308F335005BF6FF /* Release */ = {
			isa = XCBuildConfiguration;
			buildSettings = {
				ASSETCATALOG_COMPILER_APPICON_NAME = AppIcon;
				CODE_SIGN_STYLE = Automatic;
				DEVELOPMENT_TEAM = 49KBFU5ZHK;
				INFOPLIST_FILE = Filter/Info.plist;
				LD_RUNPATH_SEARCH_PATHS = (
					"$(inherited)",
					"@executable_path/Frameworks",
				);
				PRODUCT_BUNDLE_IDENTIFIER = "com.qq-1638650145.Filter";
				PRODUCT_NAME = "$(TARGET_NAME)";
				SWIFT_VERSION = 5.0;
				TARGETED_DEVICE_FAMILY = "1,2";
			};
			name = Release;
		};
/* End XCBuildConfiguration section */

/* Begin XCConfigurationList section */
		39496F422308F334005BF6FF /* Build configuration list for PBXProject "Filter" */ = {
			isa = XCConfigurationList;
			buildConfigurations = (
				39496F572308F335005BF6FF /* Debug */,
				39496F582308F335005BF6FF /* Release */,
			);
			defaultConfigurationIsVisible = 0;
			defaultConfigurationName = Release;
		};
		39496F592308F335005BF6FF /* Build configuration list for PBXNativeTarget "Filter" */ = {
			isa = XCConfigurationList;
			buildConfigurations = (
				39496F5A2308F335005BF6FF /* Debug */,
				39496F5B2308F335005BF6FF /* Release */,
			);
			defaultConfigurationIsVisible = 0;
			defaultConfigurationName = Release;
		};
/* End XCConfigurationList section */
	};
	rootObject = 39496F3F2308F334005BF6FF /* Project object */;
}
